// !$*UTF8*$!
{
	archiveVersion = 1;
	classes = {
	};
	objectVersion = 50;
	objects = {

/* Begin PBXBuildFile section */
		EC364E1225202557001911F2 /* AppDelegate.swift in Sources */ = {isa = PBXBuildFile; fileRef = EC364E1125202557001911F2 /* AppDelegate.swift */; };
		EC364E1425202557001911F2 /* SceneDelegate.swift in Sources */ = {isa = PBXBuildFile; fileRef = EC364E1325202557001911F2 /* SceneDelegate.swift */; };
		EC364E1925202557001911F2 /* Main.storyboard in Resources */ = {isa = PBXBuildFile; fileRef = EC364E1725202557001911F2 /* Main.storyboard */; };
		EC364E1B25202558001911F2 /* Assets.xcassets in Resources */ = {isa = PBXBuildFile; fileRef = EC364E1A25202558001911F2 /* Assets.xcassets */; };
		EC364E1E25202558001911F2 /* LaunchScreen.storyboard in Resources */ = {isa = PBXBuildFile; fileRef = EC364E1C25202558001911F2 /* LaunchScreen.storyboard */; };
		EC364E282520278F001911F2 /* ModalFirstViewController.swift in Sources */ = {isa = PBXBuildFile; fileRef = EC364E272520278F001911F2 /* ModalFirstViewController.swift */; };
		EC364E2A252027B4001911F2 /* ModalSecondViewController.swift in Sources */ = {isa = PBXBuildFile; fileRef = EC364E29252027B4001911F2 /* ModalSecondViewController.swift */; };
		EC364E2C252027E3001911F2 /* NavigationFirstViewController.swift in Sources */ = {isa = PBXBuildFile; fileRef = EC364E2B252027E3001911F2 /* NavigationFirstViewController.swift */; };
		EC364E2E2520280D001911F2 /* NavigationSecondViewController.swift in Sources */ = {isa = PBXBuildFile; fileRef = EC364E2D2520280D001911F2 /* NavigationSecondViewController.swift */; };
/* End PBXBuildFile section */

/* Begin PBXFileReference section */
		EC364E0E25202557001911F2 /* ScreenTransition.app */ = {isa = PBXFileReference; explicitFileType = wrapper.application; includeInIndex = 0; path = ScreenTransition.app; sourceTree = BUILT_PRODUCTS_DIR; };
		EC364E1125202557001911F2 /* AppDelegate.swift */ = {isa = PBXFileReference; lastKnownFileType = sourcecode.swift; path = AppDelegate.swift; sourceTree = "<group>"; };
		EC364E1325202557001911F2 /* SceneDelegate.swift */ = {isa = PBXFileReference; lastKnownFileType = sourcecode.swift; path = SceneDelegate.swift; sourceTree = "<group>"; };
		EC364E1825202557001911F2 /* Base */ = {isa = PBXFileReference; lastKnownFileType = file.storyboard; name = Base; path = Base.lproj/Main.storyboard; sourceTree = "<group>"; };
		EC364E1A25202558001911F2 /* Assets.xcassets */ = {isa = PBXFileReference; lastKnownFileType = folder.assetcatalog; path = Assets.xcassets; sourceTree = "<group>"; };
		EC364E1D25202558001911F2 /* Base */ = {isa = PBXFileReference; lastKnownFileType = file.storyboard; name = Base; path = Base.lproj/LaunchScreen.storyboard; sourceTree = "<group>"; };
		EC364E1F25202558001911F2 /* Info.plist */ = {isa = PBXFileReference; lastKnownFileType = text.plist.xml; path = Info.plist; sourceTree = "<group>"; };
		EC364E272520278F001911F2 /* ModalFirstViewController.swift */ = {isa = PBXFileReference; lastKnownFileType = sourcecode.swift; path = ModalFirstViewController.swift; sourceTree = "<group>"; };
		EC364E29252027B4001911F2 /* ModalSecondViewController.swift */ = {isa = PBXFileReference; lastKnownFileType = sourcecode.swift; path = ModalSecondViewController.swift; sourceTree = "<group>"; };
		EC364E2B252027E3001911F2 /* NavigationFirstViewController.swift */ = {isa = PBXFileReference; lastKnownFileType = sourcecode.swift; path = NavigationFirstViewController.swift; sourceTree = "<group>"; };
		EC364E2D2520280D001911F2 /* NavigationSecondViewController.swift */ = {isa = PBXFileReference; lastKnownFileType = sourcecode.swift; path = NavigationSecondViewController.swift; sourceTree = "<group>"; };
/* End PBXFileReference section */

/* Begin PBXFrameworksBuildPhase section */
		EC364E0B25202557001911F2 /* Frameworks */ = {
			isa = PBXFrameworksBuildPhase;
			buildActionMask = 2147483647;
			files = (
			);
			runOnlyForDeploymentPostprocessing = 0;
		};
/* End PBXFrameworksBuildPhase section */

/* Begin PBXGroup section */
		EC364E0525202557001911F2 = {
			isa = PBXGroup;
			children = (
				EC364E1025202557001911F2 /* ScreenTransition */,
				EC364E0F25202557001911F2 /* Products */,
			);
			sourceTree = "<group>";
		};
		EC364E0F25202557001911F2 /* Products */ = {
			isa = PBXGroup;
			children = (
				EC364E0E25202557001911F2 /* ScreenTransition.app */,
			);
			name = Products;
			sourceTree = "<group>";
		};
		EC364E1025202557001911F2 /* ScreenTransition */ = {
			isa = PBXGroup;
			children = (
				EC364E252520273A001911F2 /* Modal */,
				EC364E262520274C001911F2 /* Navigation */,
				EC364E1125202557001911F2 /* AppDelegate.swift */,
				EC364E1325202557001911F2 /* SceneDelegate.swift */,
				EC364E1725202557001911F2 /* Main.storyboard */,
				EC364E1A25202558001911F2 /* Assets.xcassets */,
				EC364E1C25202558001911F2 /* LaunchScreen.storyboard */,
				EC364E1F25202558001911F2 /* Info.plist */,
			);
			path = ScreenTransition;
			sourceTree = "<group>";
		};
		EC364E252520273A001911F2 /* Modal */ = {
			isa = PBXGroup;
			children = (
				EC364E272520278F001911F2 /* ModalFirstViewController.swift */,
				EC364E29252027B4001911F2 /* ModalSecondViewController.swift */,
			);
			path = Modal;
			sourceTree = "<group>";
		};
		EC364E262520274C001911F2 /* Navigation */ = {
			isa = PBXGroup;
			children = (
				EC364E2B252027E3001911F2 /* NavigationFirstViewController.swift */,
				EC364E2D2520280D001911F2 /* NavigationSecondViewController.swift */,
			);
			path = Navigation;
			sourceTree = "<group>";
		};
/* End PBXGroup section */

/* Begin PBXNativeTarget section */
		EC364E0D25202557001911F2 /* ScreenTransition */ = {
			isa = PBXNativeTarget;
			buildConfigurationList = EC364E2225202558001911F2 /* Build configuration list for PBXNativeTarget "ScreenTransition" */;
			buildPhases = (
				EC364E0A25202557001911F2 /* Sources */,
				EC364E0B25202557001911F2 /* Frameworks */,
				EC364E0C25202557001911F2 /* Resources */,
			);
			buildRules = (
			);
			dependencies = (
			);
			name = ScreenTransition;
			productName = ScreenTransition;
			productReference = EC364E0E25202557001911F2 /* ScreenTransition.app */;
			productType = "com.apple.product-type.application";
		};
/* End PBXNativeTarget section */

/* Begin PBXProject section */
		EC364E0625202557001911F2 /* Project object */ = {
			isa = PBXProject;
			attributes = {
				LastSwiftUpdateCheck = 1150;
				LastUpgradeCheck = 1150;
				ORGANIZATIONNAME = "せいま";
				TargetAttributes = {
					EC364E0D25202557001911F2 = {
						CreatedOnToolsVersion = 11.5;
					};
				};
			};
			buildConfigurationList = EC364E0925202557001911F2 /* Build configuration list for PBXProject "ScreenTransition" */;
			compatibilityVersion = "Xcode 9.3";
			developmentRegion = en;
			hasScannedForEncodings = 0;
			knownRegions = (
				en,
				Base,
			);
			mainGroup = EC364E0525202557001911F2;
			productRefGroup = EC364E0F25202557001911F2 /* Products */;
			projectDirPath = "";
			projectRoot = "";
			targets = (
				EC364E0D25202557001911F2 /* ScreenTransition */,
			);
		};
/* End PBXProject section */

/* Begin PBXResourcesBuildPhase section */
		EC364E0C25202557001911F2 /* Resources */ = {
			isa = PBXResourcesBuildPhase;
			buildActionMask = 2147483647;
			files = (
				EC364E1E25202558001911F2 /* LaunchScreen.storyboard in Resources */,
				EC364E1B25202558001911F2 /* Assets.xcassets in Resources */,
				EC364E1925202557001911F2 /* Main.storyboard in Resources */,
			);
			runOnlyForDeploymentPostprocessing = 0;
		};
/* End PBXResourcesBuildPhase section */

/* Begin PBXSourcesBuildPhase section */
		EC364E0A25202557001911F2 /* Sources */ = {
			isa = PBXSourcesBuildPhase;
			buildActionMask = 2147483647;
			files = (
				EC364E282520278F001911F2 /* ModalFirstViewController.swift in Sources */,
				EC364E1225202557001911F2 /* AppDelegate.swift in Sources */,
				EC364E2C252027E3001911F2 /* NavigationFirstViewController.swift in Sources */,
				EC364E1425202557001911F2 /* SceneDelegate.swift in Sources */,
				EC364E2A252027B4001911F2 /* ModalSecondViewController.swift in Sources */,
				EC364E2E2520280D001911F2 /* NavigationSecondViewController.swift in Sources */,
			);
			runOnlyForDeploymentPostprocessing = 0;
		};
/* End PBXSourcesBuildPhase section */

/* Begin PBXVariantGroup section */
		EC364E1725202557001911F2 /* Main.storyboard */ = {
			isa = PBXVariantGroup;
			children = (
				EC364E1825202557001911F2 /* Base */,
			);
			name = Main.storyboard;
			sourceTree = "<group>";
		};
		EC364E1C25202558001911F2 /* LaunchScreen.storyboard */ = {
			isa = PBXVariantGroup;
			children = (
				EC364E1D25202558001911F2 /* Base */,
			);
			name = LaunchScreen.storyboard;
			sourceTree = "<group>";
		};
/* End PBXVariantGroup section */

/* Begin XCBuildConfiguration section */
		EC364E2025202558001911F2 /* Debug */ = {
			isa = XCBuildConfiguration;
			buildSettings = {
				ALWAYS_SEARCH_USER_PATHS = NO;
				CLANG_ANALYZER_NONNULL = YES;
				CLANG_ANALYZER_NUMBER_OBJECT_CONVERSION = YES_AGGRESSIVE;
				CLANG_CXX_LANGUAGE_STANDARD = "gnu++14";
				CLANG_CXX_LIBRARY = "libc++";
				CLANG_ENABLE_MODULES = YES;
				CLANG_ENABLE_OBJC_ARC = YES;
				CLANG_ENABLE_OBJC_WEAK = YES;
				CLANG_WARN_BLOCK_CAPTURE_AUTORELEASING = YES;
				CLANG_WARN_BOOL_CONVERSION = YES;
				CLANG_WARN_COMMA = YES;
				CLANG_WARN_CONSTANT_CONVERSION = YES;
				CLANG_WARN_DEPRECATED_OBJC_IMPLEMENTATIONS = YES;
				CLANG_WARN_DIRECT_OBJC_ISA_USAGE = YES_ERROR;
				CLANG_WARN_DOCUMENTATION_COMMENTS = YES;
				CLANG_WARN_EMPTY_BODY = YES;
				CLANG_WARN_ENUM_CONVERSION = YES;
				CLANG_WARN_INFINITE_RECURSION = YES;
				CLANG_WARN_INT_CONVERSION = YES;
				CLANG_WARN_NON_LITERAL_NULL_CONVERSION = YES;
				CLANG_WARN_OBJC_IMPLICIT_RETAIN_SELF = YES;
				CLANG_WARN_OBJC_LITERAL_CONVERSION = YES;
				CLANG_WARN_OBJC_ROOT_CLASS = YES_ERROR;
				CLANG_WARN_RANGE_LOOP_ANALYSIS = YES;
				CLANG_WARN_STRICT_PROTOTYPES = YES;
				CLANG_WARN_SUSPICIOUS_MOVE = YES;
				CLANG_WARN_UNGUARDED_AVAILABILITY = YES_AGGRESSIVE;
				CLANG_WARN_UNREACHABLE_CODE = YES;
				CLANG_WARN__DUPLICATE_METHOD_MATCH = YES;
				COPY_PHASE_STRIP = NO;
				DEBUG_INFORMATION_FORMAT = dwarf;
				ENABLE_STRICT_OBJC_MSGSEND = YES;
				ENABLE_TESTABILITY = YES;
				GCC_C_LANGUAGE_STANDARD = gnu11;
				GCC_DYNAMIC_NO_PIC = NO;
				GCC_NO_COMMON_BLOCKS = YES;
				GCC_OPTIMIZATION_LEVEL = 0;
				GCC_PREPROCESSOR_DEFINITIONS = (
					"DEBUG=1",
					"$(inherited)",
				);
				GCC_WARN_64_TO_32_BIT_CONVERSION = YES;
				GCC_WARN_ABOUT_RETURN_TYPE = YES_ERROR;
				GCC_WARN_UNDECLARED_SELECTOR = YES;
				GCC_WARN_UNINITIALIZED_AUTOS = YES_AGGRESSIVE;
				GCC_WARN_UNUSED_FUNCTION = YES;
				GCC_WARN_UNUSED_VARIABLE = YES;
				IPHONEOS_DEPLOYMENT_TARGET = 13.5;
				MTL_ENABLE_DEBUG_INFO = INCLUDE_SOURCE;
				MTL_FAST_MATH = YES;
				ONLY_ACTIVE_ARCH = YES;
				SDKROOT = iphoneos;
				SWIFT_ACTIVE_COMPILATION_CONDITIONS = DEBUG;
				SWIFT_OPTIMIZATION_LEVEL = "-Onone";
			};
			name = Debug;
		};
		EC364E2125202558001911F2 /* Release */ = {
			isa = XCBuildConfiguration;
			buildSettings = {
				ALWAYS_SEARCH_USER_PATHS = NO;
				CLANG_ANALYZER_NONNULL = YES;
				CLANG_ANALYZER_NUMBER_OBJECT_CONVERSION = YES_AGGRESSIVE;
				CLANG_CXX_LANGUAGE_STANDARD = "gnu++14";
				CLANG_CXX_LIBRARY = "libc++";
				CLANG_ENABLE_MODULES = YES;
				CLANG_ENABLE_OBJC_ARC = YES;
				CLANG_ENABLE_OBJC_WEAK = YES;
				CLANG_WARN_BLOCK_CAPTURE_AUTORELEASING = YES;
				CLANG_WARN_BOOL_CONVERSION = YES;
				CLANG_WARN_COMMA = YES;
				CLANG_WARN_CONSTANT_CONVERSION = YES;
				CLANG_WARN_DEPRECATED_OBJC_IMPLEMENTATIONS = YES;
				CLANG_WARN_DIRECT_OBJC_ISA_USAGE = YES_ERROR;
				CLANG_WARN_DOCUMENTATION_COMMENTS = YES;
				CLANG_WARN_EMPTY_BODY = YES;
				CLANG_WARN_ENUM_CONVERSION = YES;
				CLANG_WARN_INFINITE_RECURSION = YES;
				CLANG_WARN_INT_CONVERSION = YES;
				CLANG_WARN_NON_LITERAL_NULL_CONVERSION = YES;
				CLANG_WARN_OBJC_IMPLICIT_RETAIN_SELF = YES;
				CLANG_WARN_OBJC_LITERAL_CONVERSION = YES;
				CLANG_WARN_OBJC_ROOT_CLASS = YES_ERROR;
				CLANG_WARN_RANGE_LOOP_ANALYSIS = YES;
				CLANG_WARN_STRICT_PROTOTYPES = YES;
				CLANG_WARN_SUSPICIOUS_MOVE = YES;
				CLANG_WARN_UNGUARDED_AVAILABILITY = YES_AGGRESSIVE;
				CLANG_WARN_UNREACHABLE_CODE = YES;
				CLANG_WARN__DUPLICATE_METHOD_MATCH = YES;
				COPY_PHASE_STRIP = NO;
				DEBUG_INFORMATION_FORMAT = "dwarf-with-dsym";
				ENABLE_NS_ASSERTIONS = NO;
				ENABLE_STRICT_OBJC_MSGSEND = YES;
				GCC_C_LANGUAGE_STANDARD = gnu11;
				GCC_NO_COMMON_BLOCKS = YES;
				GCC_WARN_64_TO_32_BIT_CONVERSION = YES;
				GCC_WARN_ABOUT_RETURN_TYPE = YES_ERROR;
				GCC_WARN_UNDECLARED_SELECTOR = YES;
				GCC_WARN_UNINITIALIZED_AUTOS = YES_AGGRESSIVE;
				GCC_WARN_UNUSED_FUNCTION = YES;
				GCC_WARN_UNUSED_VARIABLE = YES;
				IPHONEOS_DEPLOYMENT_TARGET = 13.5;
				MTL_ENABLE_DEBUG_INFO = NO;
				MTL_FAST_MATH = YES;
				SDKROOT = iphoneos;
				SWIFT_COMPILATION_MODE = wholemodule;
				SWIFT_OPTIMIZATION_LEVEL = "-O";
				VALIDATE_PRODUCT = YES;
			};
			name = Release;
		};
		EC364E2325202558001911F2 /* Debug */ = {
			isa = XCBuildConfiguration;
			buildSettings = {
				ASSETCATALOG_COMPILER_APPICON_NAME = AppIcon;
				CODE_SIGN_STYLE = Automatic;
				INFOPLIST_FILE = ScreenTransition/Info.plist;
				LD_RUNPATH_SEARCH_PATHS = (
					"$(inherited)",
					"@executable_path/Frameworks",
				);
				PRODUCT_BUNDLE_IDENTIFIER = com.star.seima.ScreenTransition;
				PRODUCT_NAME = "$(TARGET_NAME)";
				SWIFT_VERSION = 5.0;
				TARGETED_DEVICE_FAMILY = "1,2";
			};
			name = Debug;
		};
		EC364E2425202558001911F2 /* Release */ = {
			isa = XCBuildConfiguration;
			buildSettings = {
				ASSETCATALOG_COMPILER_APPICON_NAME = AppIcon;
				CODE_SIGN_STYLE = Automatic;
				INFOPLIST_FILE = ScreenTransition/Info.plist;
				LD_RUNPATH_SEARCH_PATHS = (
					"$(inherited)",
					"@executable_path/Frameworks",
				);
				PRODUCT_BUNDLE_IDENTIFIER = com.star.seima.ScreenTransition;
				PRODUCT_NAME = "$(TARGET_NAME)";
				SWIFT_VERSION = 5.0;
				TARGETED_DEVICE_FAMILY = "1,2";
			};
			name = Release;
		};
/* End XCBuildConfiguration section */

/* Begin XCConfigurationList section */
		EC364E0925202557001911F2 /* Build configuration list for PBXProject "ScreenTransition" */ = {
			isa = XCConfigurationList;
			buildConfigurations = (
				EC364E2025202558001911F2 /* Debug */,
				EC364E2125202558001911F2 /* Release */,
			);
			defaultConfigurationIsVisible = 0;
			defaultConfigurationName = Release;
		};
		EC364E2225202558001911F2 /* Build configuration list for PBXNativeTarget "ScreenTransition" */ = {
			isa = XCConfigurationList;
			buildConfigurations = (
				EC364E2325202558001911F2 /* Debug */,
				EC364E2425202558001911F2 /* Release */,
			);
			defaultConfigurationIsVisible = 0;
			defaultConfigurationName = Release;
		};
/* End XCConfigurationList section */
	};
	rootObject = EC364E0625202557001911F2 /* Project object */;
}
